
Microsoft Visual Studio Solution File, Format Version 12.00
# Visual Studio 15
VisualStudioVersion = 15.0.27004.2005
MinimumVisualStudioVersion = 10.0.40219.1
Project("{FAE04EC0-301F-11D3-BF4B-00C04F79EFBC}") = "Project.MVC", "Project.MVC\Project.MVC.csproj", "{8A9CC0DB-51FD-4360-B5A2-A16C0998C5E6}"
EndProject
Project("{FAE04EC0-301F-11D3-BF4B-00C04F79EFBC}") = "Project.Service", "Project.Service\Project.Service.csproj", "{14EF2561-3EE1-400D-87E8-EDA348E5ED23}"
EndProject
Global
	GlobalSection(SolutionConfigurationPlatforms) = preSolution
		Debug|Any CPU = Debug|Any CPU
		Release|Any CPU = Release|Any CPU
	EndGlobalSection
	GlobalSection(ProjectConfigurationPlatforms) = postSolution
		{8A9CC0DB-51FD-4360-B5A2-A16C0998C5E6}.Debug|Any CPU.ActiveCfg = Debug|Any CPU
		{8A9CC0DB-51FD-4360-B5A2-A16C0998C5E6}.Debug|Any CPU.Build.0 = Debug|Any CPU
		{8A9CC0DB-51FD-4360-B5A2-A16C0998C5E6}.Release|Any CPU.ActiveCfg = Release|Any CPU
		{8A9CC0DB-51FD-4360-B5A2-A16C0998C5E6}.Release|Any CPU.Build.0 = Release|Any CPU
		{14EF2561-3EE1-400D-87E8-EDA348E5ED23}.Debug|Any CPU.ActiveCfg = Debug|Any CPU
		{14EF2561-3EE1-400D-87E8-EDA348E5ED23}.Debug|Any CPU.Build.0 = Debug|Any CPU
		{14EF2561-3EE1-400D-87E8-EDA348E5ED23}.Release|Any CPU.ActiveCfg = Release|Any CPU
		{14EF2561-3EE1-400D-87E8-EDA348E5ED23}.Release|Any CPU.Build.0 = Release|Any CPU
	EndGlobalSection
	GlobalSection(SolutionProperties) = preSolution
		HideSolutionNode = FALSE
	EndGlobalSection
	GlobalSection(ExtensibilityGlobals) = postSolution
		SolutionGuid = {B185794D-F57C-43BE-83F5-8747CDADBBCA}
	EndGlobalSection
EndGlobal
